
Microsoft Visual Studio Solution File, Format Version 12.00
# Visual Studio Version 17
VisualStudioVersion = 17.4.33122.133
MinimumVisualStudioVersion = 10.0.40219.1
Project("{9A19103F-16F7-4668-BE54-9A1E7A4F7556}") = "OOPBank", "Bank Project\OOPBank.csproj", "{A943ED89-3F77-4E5E-BDC8-219AF8A7AEDA}"
EndProject
Project("{9A19103F-16F7-4668-BE54-9A1E7A4F7556}") = "OOPBank.Tests", "OOPBank.Tests\OOPBank.Tests.csproj", "{6118FC0C-2869-4A0E-961F-259020044995}"
EndProject
Global
	GlobalSection(SolutionConfigurationPlatforms) = preSolution
		Debug|Any CPU = Debug|Any CPU
		Release|Any CPU = Release|Any CPU
	EndGlobalSection
	GlobalSection(ProjectConfigurationPlatforms) = postSolution
		{A943ED89-3F77-4E5E-BDC8-219AF8A7AEDA}.Debug|Any CPU.ActiveCfg = Debug|Any CPU
		{A943ED89-3F77-4E5E-BDC8-219AF8A7AEDA}.Debug|Any CPU.Build.0 = Debug|Any CPU
		{A943ED89-3F77-4E5E-BDC8-219AF8A7AEDA}.Release|Any CPU.ActiveCfg = Release|Any CPU
		{A943ED89-3F77-4E5E-BDC8-219AF8A7AEDA}.Release|Any CPU.Build.0 = Release|Any CPU
		{6118FC0C-2869-4A0E-961F-259020044995}.Debug|Any CPU.ActiveCfg = Debug|Any CPU
		{6118FC0C-2869-4A0E-961F-259020044995}.Debug|Any CPU.Build.0 = Debug|Any CPU
		{6118FC0C-2869-4A0E-961F-259020044995}.Release|Any CPU.ActiveCfg = Release|Any CPU
		{6118FC0C-2869-4A0E-961F-259020044995}.Release|Any CPU.Build.0 = Release|Any CPU
	EndGlobalSection
	GlobalSection(SolutionProperties) = preSolution
		HideSolutionNode = FALSE
	EndGlobalSection
	GlobalSection(ExtensibilityGlobals) = postSolution
		SolutionGuid = {49901007-0873-479F-87DD-64A985DEDE56}
	EndGlobalSection
EndGlobal
